// !$*UTF8*$!
{
	archiveVersion = 1;
	classes = {
	};
	objectVersion = 46;
	objects = {

/* Begin PBXBuildFile section */
		DC0001D91CCDBDC000AFDBF2 /* CalculatorButton.swift in Sources */ = {isa = PBXBuildFile; fileRef = DC0001D81CCDBDC000AFDBF2 /* CalculatorButton.swift */; settings = {ASSET_TAGS = (); }; };
		DC0001DB1CCDC24500AFDBF2 /* CalculatorDisplayLabel.swift in Sources */ = {isa = PBXBuildFile; fileRef = DC0001DA1CCDC24500AFDBF2 /* CalculatorDisplayLabel.swift */; settings = {ASSET_TAGS = (); }; };
		DC0D64261CCC16E400864361 /* AppDelegate.swift in Sources */ = {isa = PBXBuildFile; fileRef = DC0D64251CCC16E400864361 /* AppDelegate.swift */; };
		DC0D642B1CCC16E400864361 /* Main.storyboard in Resources */ = {isa = PBXBuildFile; fileRef = DC0D64291CCC16E400864361 /* Main.storyboard */; };
		DC0D642D1CCC16E400864361 /* Assets.xcassets in Resources */ = {isa = PBXBuildFile; fileRef = DC0D642C1CCC16E400864361 /* Assets.xcassets */; };
		DC0D64301CCC16E400864361 /* LaunchScreen.storyboard in Resources */ = {isa = PBXBuildFile; fileRef = DC0D642E1CCC16E400864361 /* LaunchScreen.storyboard */; };
		DC0D643B1CCC16E400864361 /* NotYourFathersCalculatorTests.swift in Sources */ = {isa = PBXBuildFile; fileRef = DC0D643A1CCC16E400864361 /* NotYourFathersCalculatorTests.swift */; };
		DC0D64461CCC16E400864361 /* NotYourFathersCalculatorUITests.swift in Sources */ = {isa = PBXBuildFile; fileRef = DC0D64451CCC16E400864361 /* NotYourFathersCalculatorUITests.swift */; };
		DC8EC1861CCC1D0600330CBF /* CalculatorViewController.swift in Sources */ = {isa = PBXBuildFile; fileRef = DC8EC1851CCC1D0600330CBF /* CalculatorViewController.swift */; settings = {ASSET_TAGS = (); }; };
/* End PBXBuildFile section */

/* Begin PBXContainerItemProxy section */
		DC0D64371CCC16E400864361 /* PBXContainerItemProxy */ = {
			isa = PBXContainerItemProxy;
			containerPortal = DC0D641A1CCC16E400864361 /* Project object */;
			proxyType = 1;
			remoteGlobalIDString = DC0D64211CCC16E400864361;
			remoteInfo = NotYourFathersCalculator;
		};
		DC0D64421CCC16E400864361 /* PBXContainerItemProxy */ = {
			isa = PBXContainerItemProxy;
			containerPortal = DC0D641A1CCC16E400864361 /* Project object */;
			proxyType = 1;
			remoteGlobalIDString = DC0D64211CCC16E400864361;
			remoteInfo = NotYourFathersCalculator;
		};
/* End PBXContainerItemProxy section */

/* Begin PBXFileReference section */
		DC0001D81CCDBDC000AFDBF2 /* CalculatorButton.swift */ = {isa = PBXFileReference; fileEncoding = 4; lastKnownFileType = sourcecode.swift; path = CalculatorButton.swift; sourceTree = "<group>"; };
		DC0001DA1CCDC24500AFDBF2 /* CalculatorDisplayLabel.swift */ = {isa = PBXFileReference; fileEncoding = 4; lastKnownFileType = sourcecode.swift; path = CalculatorDisplayLabel.swift; sourceTree = "<group>"; };
		DC0D64221CCC16E400864361 /* NotYourFathersCalculator.app */ = {isa = PBXFileReference; explicitFileType = wrapper.application; includeInIndex = 0; path = NotYourFathersCalculator.app; sourceTree = BUILT_PRODUCTS_DIR; };
		DC0D64251CCC16E400864361 /* AppDelegate.swift */ = {isa = PBXFileReference; lastKnownFileType = sourcecode.swift; path = AppDelegate.swift; sourceTree = "<group>"; };
		DC0D642A1CCC16E400864361 /* Base */ = {isa = PBXFileReference; lastKnownFileType = file.storyboard; name = Base; path = Base.lproj/Main.storyboard; sourceTree = "<group>"; };
		DC0D642C1CCC16E400864361 /* Assets.xcassets */ = {isa = PBXFileReference; lastKnownFileType = folder.assetcatalog; path = Assets.xcassets; sourceTree = "<group>"; };
		DC0D642F1CCC16E400864361 /* Base */ = {isa = PBXFileReference; lastKnownFileType = file.storyboard; name = Base; path = Base.lproj/LaunchScreen.storyboard; sourceTree = "<group>"; };
		DC0D64311CCC16E400864361 /* Info.plist */ = {isa = PBXFileReference; lastKnownFileType = text.plist.xml; path = Info.plist; sourceTree = "<group>"; };
		DC0D64361CCC16E400864361 /* NotYourFathersCalculatorTests.xctest */ = {isa = PBXFileReference; explicitFileType = wrapper.cfbundle; includeInIndex = 0; path = NotYourFathersCalculatorTests.xctest; sourceTree = BUILT_PRODUCTS_DIR; };
		DC0D643A1CCC16E400864361 /* NotYourFathersCalculatorTests.swift */ = {isa = PBXFileReference; lastKnownFileType = sourcecode.swift; path = NotYourFathersCalculatorTests.swift; sourceTree = "<group>"; };
		DC0D643C1CCC16E400864361 /* Info.plist */ = {isa = PBXFileReference; lastKnownFileType = text.plist.xml; path = Info.plist; sourceTree = "<group>"; };
		DC0D64411CCC16E400864361 /* NotYourFathersCalculatorUITests.xctest */ = {isa = PBXFileReference; explicitFileType = wrapper.cfbundle; includeInIndex = 0; path = NotYourFathersCalculatorUITests.xctest; sourceTree = BUILT_PRODUCTS_DIR; };
		DC0D64451CCC16E400864361 /* NotYourFathersCalculatorUITests.swift */ = {isa = PBXFileReference; lastKnownFileType = sourcecode.swift; path = NotYourFathersCalculatorUITests.swift; sourceTree = "<group>"; };
		DC0D64471CCC16E400864361 /* Info.plist */ = {isa = PBXFileReference; lastKnownFileType = text.plist.xml; path = Info.plist; sourceTree = "<group>"; };
		DC8EC1851CCC1D0600330CBF /* CalculatorViewController.swift */ = {isa = PBXFileReference; fileEncoding = 4; lastKnownFileType = sourcecode.swift; name = CalculatorViewController.swift; path = ../CalculatorViewController.swift; sourceTree = "<group>"; };
/* End PBXFileReference section */

/* Begin PBXFrameworksBuildPhase section */
		DC0D641F1CCC16E400864361 /* Frameworks */ = {
			isa = PBXFrameworksBuildPhase;
			buildActionMask = 2147483647;
			files = (
			);
			runOnlyForDeploymentPostprocessing = 0;
		};
		DC0D64331CCC16E400864361 /* Frameworks */ = {
			isa = PBXFrameworksBuildPhase;
			buildActionMask = 2147483647;
			files = (
			);
			runOnlyForDeploymentPostprocessing = 0;
		};
		DC0D643E1CCC16E400864361 /* Frameworks */ = {
			isa = PBXFrameworksBuildPhase;
			buildActionMask = 2147483647;
			files = (
			);
			runOnlyForDeploymentPostprocessing = 0;
		};
/* End PBXFrameworksBuildPhase section */

/* Begin PBXGroup section */
		DC0D64191CCC16E400864361 = {
			isa = PBXGroup;
			children = (
				DC0D64241CCC16E400864361 /* NotYourFathersCalculator */,
				DC0D64391CCC16E400864361 /* NotYourFathersCalculatorTests */,
				DC0D64441CCC16E400864361 /* NotYourFathersCalculatorUITests */,
				DC0D64231CCC16E400864361 /* Products */,
			);
			sourceTree = "<group>";
		};
		DC0D64231CCC16E400864361 /* Products */ = {
			isa = PBXGroup;
			children = (
				DC0D64221CCC16E400864361 /* NotYourFathersCalculator.app */,
				DC0D64361CCC16E400864361 /* NotYourFathersCalculatorTests.xctest */,
				DC0D64411CCC16E400864361 /* NotYourFathersCalculatorUITests.xctest */,
			);
			name = Products;
			sourceTree = "<group>";
		};
		DC0D64241CCC16E400864361 /* NotYourFathersCalculator */ = {
			isa = PBXGroup;
			children = (
				DC8EC1851CCC1D0600330CBF /* CalculatorViewController.swift */,
				DC0D64291CCC16E400864361 /* Main.storyboard */,
				DC0001DA1CCDC24500AFDBF2 /* CalculatorDisplayLabel.swift */,
				DC0001D81CCDBDC000AFDBF2 /* CalculatorButton.swift */,
				DC0D64531CCC170E00864361 /* Supporting Files */,
			);
			path = NotYourFathersCalculator;
			sourceTree = "<group>";
		};
		DC0D64391CCC16E400864361 /* NotYourFathersCalculatorTests */ = {
			isa = PBXGroup;
			children = (
				DC0D643A1CCC16E400864361 /* NotYourFathersCalculatorTests.swift */,
				DC0D643C1CCC16E400864361 /* Info.plist */,
			);
			path = NotYourFathersCalculatorTests;
			sourceTree = "<group>";
		};
		DC0D64441CCC16E400864361 /* NotYourFathersCalculatorUITests */ = {
			isa = PBXGroup;
			children = (
				DC0D64451CCC16E400864361 /* NotYourFathersCalculatorUITests.swift */,
				DC0D64471CCC16E400864361 /* Info.plist */,
			);
			path = NotYourFathersCalculatorUITests;
			sourceTree = "<group>";
		};
		DC0D64531CCC170E00864361 /* Supporting Files */ = {
			isa = PBXGroup;
			children = (
				DC0D64251CCC16E400864361 /* AppDelegate.swift */,
				DC0D642C1CCC16E400864361 /* Assets.xcassets */,
				DC0D642E1CCC16E400864361 /* LaunchScreen.storyboard */,
				DC0D64311CCC16E400864361 /* Info.plist */,
			);
			name = "Supporting Files";
			sourceTree = "<group>";
		};
/* End PBXGroup section */

/* Begin PBXNativeTarget section */
		DC0D64211CCC16E400864361 /* NotYourFathersCalculator */ = {
			isa = PBXNativeTarget;
			buildConfigurationList = DC0D644A1CCC16E400864361 /* Build configuration list for PBXNativeTarget "NotYourFathersCalculator" */;
			buildPhases = (
				DC0D641E1CCC16E400864361 /* Sources */,
				DC0D641F1CCC16E400864361 /* Frameworks */,
				DC0D64201CCC16E400864361 /* Resources */,
			);
			buildRules = (
			);
			dependencies = (
			);
			name = NotYourFathersCalculator;
			productName = NotYourFathersCalculator;
			productReference = DC0D64221CCC16E400864361 /* NotYourFathersCalculator.app */;
			productType = "com.apple.product-type.application";
		};
		DC0D64351CCC16E400864361 /* NotYourFathersCalculatorTests */ = {
			isa = PBXNativeTarget;
			buildConfigurationList = DC0D644D1CCC16E400864361 /* Build configuration list for PBXNativeTarget "NotYourFathersCalculatorTests" */;
			buildPhases = (
				DC0D64321CCC16E400864361 /* Sources */,
				DC0D64331CCC16E400864361 /* Frameworks */,
				DC0D64341CCC16E400864361 /* Resources */,
			);
			buildRules = (
			);
			dependencies = (
				DC0D64381CCC16E400864361 /* PBXTargetDependency */,
			);
			name = NotYourFathersCalculatorTests;
			productName = NotYourFathersCalculatorTests;
			productReference = DC0D64361CCC16E400864361 /* NotYourFathersCalculatorTests.xctest */;
			productType = "com.apple.product-type.bundle.unit-test";
		};
		DC0D64401CCC16E400864361 /* NotYourFathersCalculatorUITests */ = {
			isa = PBXNativeTarget;
			buildConfigurationList = DC0D64501CCC16E400864361 /* Build configuration list for PBXNativeTarget "NotYourFathersCalculatorUITests" */;
			buildPhases = (
				DC0D643D1CCC16E400864361 /* Sources */,
				DC0D643E1CCC16E400864361 /* Frameworks */,
				DC0D643F1CCC16E400864361 /* Resources */,
			);
			buildRules = (
			);
			dependencies = (
				DC0D64431CCC16E400864361 /* PBXTargetDependency */,
			);
			name = NotYourFathersCalculatorUITests;
			productName = NotYourFathersCalculatorUITests;
			productReference = DC0D64411CCC16E400864361 /* NotYourFathersCalculatorUITests.xctest */;
			productType = "com.apple.product-type.bundle.ui-testing";
		};
/* End PBXNativeTarget section */

/* Begin PBXProject section */
		DC0D641A1CCC16E400864361 /* Project object */ = {
			isa = PBXProject;
			attributes = {
				LastUpgradeCheck = 0700;
				ORGANIZATIONNAME = "Adam Serruys";
				TargetAttributes = {
					DC0D64211CCC16E400864361 = {
						CreatedOnToolsVersion = 7.0.1;
					};
					DC0D64351CCC16E400864361 = {
						CreatedOnToolsVersion = 7.0.1;
						TestTargetID = DC0D64211CCC16E400864361;
					};
					DC0D64401CCC16E400864361 = {
						CreatedOnToolsVersion = 7.0.1;
						TestTargetID = DC0D64211CCC16E400864361;
					};
				};
			};
			buildConfigurationList = DC0D641D1CCC16E400864361 /* Build configuration list for PBXProject "NotYourFathersCalculator" */;
			compatibilityVersion = "Xcode 3.2";
			developmentRegion = English;
			hasScannedForEncodings = 0;
			knownRegions = (
				en,
				Base,
			);
			mainGroup = DC0D64191CCC16E400864361;
			productRefGroup = DC0D64231CCC16E400864361 /* Products */;
			projectDirPath = "";
			projectRoot = "";
			targets = (
				DC0D64211CCC16E400864361 /* NotYourFathersCalculator */,
				DC0D64351CCC16E400864361 /* NotYourFathersCalculatorTests */,
				DC0D64401CCC16E400864361 /* NotYourFathersCalculatorUITests */,
			);
		};
/* End PBXProject section */

/* Begin PBXResourcesBuildPhase section */
		DC0D64201CCC16E400864361 /* Resources */ = {
			isa = PBXResourcesBuildPhase;
			buildActionMask = 2147483647;
			files = (
				DC0D64301CCC16E400864361 /* LaunchScreen.storyboard in Resources */,
				DC0D642D1CCC16E400864361 /* Assets.xcassets in Resources */,
				DC0D642B1CCC16E400864361 /* Main.storyboard in Resources */,
			);
			runOnlyForDeploymentPostprocessing = 0;
		};
		DC0D64341CCC16E400864361 /* Resources */ = {
			isa = PBXResourcesBuildPhase;
			buildActionMask = 2147483647;
			files = (
			);
			runOnlyForDeploymentPostprocessing = 0;
		};
		DC0D643F1CCC16E400864361 /* Resources */ = {
			isa = PBXResourcesBuildPhase;
			buildActionMask = 2147483647;
			files = (
			);
			runOnlyForDeploymentPostprocessing = 0;
		};
/* End PBXResourcesBuildPhase section */

/* Begin PBXSourcesBuildPhase section */
		DC0D641E1CCC16E400864361 /* Sources */ = {
			isa = PBXSourcesBuildPhase;
			buildActionMask = 2147483647;
			files = (
				DC8EC1861CCC1D0600330CBF /* CalculatorViewController.swift in Sources */,
				DC0001D91CCDBDC000AFDBF2 /* CalculatorButton.swift in Sources */,
				DC0D64261CCC16E400864361 /* AppDelegate.swift in Sources */,
				DC0001DB1CCDC24500AFDBF2 /* CalculatorDisplayLabel.swift in Sources */,
			);
			runOnlyForDeploymentPostprocessing = 0;
		};
		DC0D64321CCC16E400864361 /* Sources */ = {
			isa = PBXSourcesBuildPhase;
			buildActionMask = 2147483647;
			files = (
				DC0D643B1CCC16E400864361 /* NotYourFathersCalculatorTests.swift in Sources */,
			);
			runOnlyForDeploymentPostprocessing = 0;
		};
		DC0D643D1CCC16E400864361 /* Sources */ = {
			isa = PBXSourcesBuildPhase;
			buildActionMask = 2147483647;
			files = (
				DC0D64461CCC16E400864361 /* NotYourFathersCalculatorUITests.swift in Sources */,
			);
			runOnlyForDeploymentPostprocessing = 0;
		};
/* End PBXSourcesBuildPhase section */

/* Begin PBXTargetDependency section */
		DC0D64381CCC16E400864361 /* PBXTargetDependency */ = {
			isa = PBXTargetDependency;
			target = DC0D64211CCC16E400864361 /* NotYourFathersCalculator */;
			targetProxy = DC0D64371CCC16E400864361 /* PBXContainerItemProxy */;
		};
		DC0D64431CCC16E400864361 /* PBXTargetDependency */ = {
			isa = PBXTargetDependency;
			target = DC0D64211CCC16E400864361 /* NotYourFathersCalculator */;
			targetProxy = DC0D64421CCC16E400864361 /* PBXContainerItemProxy */;
		};
/* End PBXTargetDependency section */

/* Begin PBXVariantGroup section */
		DC0D64291CCC16E400864361 /* Main.storyboard */ = {
			isa = PBXVariantGroup;
			children = (
				DC0D642A1CCC16E400864361 /* Base */,
			);
			name = Main.storyboard;
			sourceTree = "<group>";
		};
		DC0D642E1CCC16E400864361 /* LaunchScreen.storyboard */ = {
			isa = PBXVariantGroup;
			children = (
				DC0D642F1CCC16E400864361 /* Base */,
			);
			name = LaunchScreen.storyboard;
			sourceTree = "<group>";
		};
/* End PBXVariantGroup section */

/* Begin XCBuildConfiguration section */
		DC0D64481CCC16E400864361 /* Debug */ = {
			isa = XCBuildConfiguration;
			buildSettings = {
				ALWAYS_SEARCH_USER_PATHS = NO;
				CLANG_CXX_LANGUAGE_STANDARD = "gnu++0x";
				CLANG_CXX_LIBRARY = "libc++";
				CLANG_ENABLE_MODULES = YES;
				CLANG_ENABLE_OBJC_ARC = YES;
				CLANG_WARN_BOOL_CONVERSION = YES;
				CLANG_WARN_CONSTANT_CONVERSION = YES;
				CLANG_WARN_DIRECT_OBJC_ISA_USAGE = YES_ERROR;
				CLANG_WARN_EMPTY_BODY = YES;
				CLANG_WARN_ENUM_CONVERSION = YES;
				CLANG_WARN_INT_CONVERSION = YES;
				CLANG_WARN_OBJC_ROOT_CLASS = YES_ERROR;
				CLANG_WARN_UNREACHABLE_CODE = YES;
				CLANG_WARN__DUPLICATE_METHOD_MATCH = YES;
				"CODE_SIGN_IDENTITY[sdk=iphoneos*]" = "iPhone Developer";
				COPY_PHASE_STRIP = NO;
				DEBUG_INFORMATION_FORMAT = dwarf;
				ENABLE_STRICT_OBJC_MSGSEND = YES;
				ENABLE_TESTABILITY = YES;
				GCC_C_LANGUAGE_STANDARD = gnu99;
				GCC_DYNAMIC_NO_PIC = NO;
				GCC_NO_COMMON_BLOCKS = YES;
				GCC_OPTIMIZATION_LEVEL = 0;
				GCC_PREPROCESSOR_DEFINITIONS = (
					"DEBUG=1",
					"$(inherited)",
				);
				GCC_WARN_64_TO_32_BIT_CONVERSION = YES;
				GCC_WARN_ABOUT_RETURN_TYPE = YES_ERROR;
				GCC_WARN_UNDECLARED_SELECTOR = YES;
				GCC_WARN_UNINITIALIZED_AUTOS = YES_AGGRESSIVE;
				GCC_WARN_UNUSED_FUNCTION = YES;
				GCC_WARN_UNUSED_VARIABLE = YES;
				IPHONEOS_DEPLOYMENT_TARGET = 9.0;
				MTL_ENABLE_DEBUG_INFO = YES;
				ONLY_ACTIVE_ARCH = YES;
				SDKROOT = iphoneos;
				SWIFT_OPTIMIZATION_LEVEL = "-Onone";
				TARGETED_DEVICE_FAMILY = "1,2";
			};
			name = Debug;
		};
		DC0D64491CCC16E400864361 /* Release */ = {
			isa = XCBuildConfiguration;
			buildSettings = {
				ALWAYS_SEARCH_USER_PATHS = NO;
				CLANG_CXX_LANGUAGE_STANDARD = "gnu++0x";
				CLANG_CXX_LIBRARY = "libc++";
				CLANG_ENABLE_MODULES = YES;
				CLANG_ENABLE_OBJC_ARC = YES;
				CLANG_WARN_BOOL_CONVERSION = YES;
				CLANG_WARN_CONSTANT_CONVERSION = YES;
				CLANG_WARN_DIRECT_OBJC_ISA_USAGE = YES_ERROR;
				CLANG_WARN_EMPTY_BODY = YES;
				CLANG_WARN_ENUM_CONVERSION = YES;
				CLANG_WARN_INT_CONVERSION = YES;
				CLANG_WARN_OBJC_ROOT_CLASS = YES_ERROR;
				CLANG_WARN_UNREACHABLE_CODE = YES;
				CLANG_WARN__DUPLICATE_METHOD_MATCH = YES;
				"CODE_SIGN_IDENTITY[sdk=iphoneos*]" = "iPhone Developer";
				COPY_PHASE_STRIP = NO;
				DEBUG_INFORMATION_FORMAT = "dwarf-with-dsym";
				ENABLE_NS_ASSERTIONS = NO;
				ENABLE_STRICT_OBJC_MSGSEND = YES;
				GCC_C_LANGUAGE_STANDARD = gnu99;
				GCC_NO_COMMON_BLOCKS = YES;
				GCC_WARN_64_TO_32_BIT_CONVERSION = YES;
				GCC_WARN_ABOUT_RETURN_TYPE = YES_ERROR;
				GCC_WARN_UNDECLARED_SELECTOR = YES;
				GCC_WARN_UNINITIALIZED_AUTOS = YES_AGGRESSIVE;
				GCC_WARN_UNUSED_FUNCTION = YES;
				GCC_WARN_UNUSED_VARIABLE = YES;
				IPHONEOS_DEPLOYMENT_TARGET = 9.0;
				MTL_ENABLE_DEBUG_INFO = NO;
				SDKROOT = iphoneos;
				TARGETED_DEVICE_FAMILY = "1,2";
				VALIDATE_PRODUCT = YES;
			};
			name = Release;
		};
		DC0D644B1CCC16E400864361 /* Debug */ = {
			isa = XCBuildConfiguration;
			buildSettings = {
				ASSETCATALOG_COMPILER_APPICON_NAME = AppIcon;
				INFOPLIST_FILE = NotYourFathersCalculator/Info.plist;
				LD_RUNPATH_SEARCH_PATHS = "$(inherited) @executable_path/Frameworks";
				PRODUCT_BUNDLE_IDENTIFIER = com.adam.NotYourFathersCalculator;
				PRODUCT_NAME = "$(TARGET_NAME)";
			};
			name = Debug;
		};
		DC0D644C1CCC16E400864361 /* Release */ = {
			isa = XCBuildConfiguration;
			buildSettings = {
				ASSETCATALOG_COMPILER_APPICON_NAME = AppIcon;
				INFOPLIST_FILE = NotYourFathersCalculator/Info.plist;
				LD_RUNPATH_SEARCH_PATHS = "$(inherited) @executable_path/Frameworks";
				PRODUCT_BUNDLE_IDENTIFIER = com.adam.NotYourFathersCalculator;
				PRODUCT_NAME = "$(TARGET_NAME)";
			};
			name = Release;
		};
		DC0D644E1CCC16E400864361 /* Debug */ = {
			isa = XCBuildConfiguration;
			buildSettings = {
				BUNDLE_LOADER = "$(TEST_HOST)";
				INFOPLIST_FILE = NotYourFathersCalculatorTests/Info.plist;
				LD_RUNPATH_SEARCH_PATHS = "$(inherited) @executable_path/Frameworks @loader_path/Frameworks";
				PRODUCT_BUNDLE_IDENTIFIER = com.adam.NotYourFathersCalculatorTests;
				PRODUCT_NAME = "$(TARGET_NAME)";
				TEST_HOST = "$(BUILT_PRODUCTS_DIR)/NotYourFathersCalculator.app/NotYourFathersCalculator";
			};
			name = Debug;
		};
		DC0D644F1CCC16E400864361 /* Release */ = {
			isa = XCBuildConfiguration;
			buildSettings = {
				BUNDLE_LOADER = "$(TEST_HOST)";
				INFOPLIST_FILE = NotYourFathersCalculatorTests/Info.plist;
				LD_RUNPATH_SEARCH_PATHS = "$(inherited) @executable_path/Frameworks @loader_path/Frameworks";
				PRODUCT_BUNDLE_IDENTIFIER = com.adam.NotYourFathersCalculatorTests;
				PRODUCT_NAME = "$(TARGET_NAME)";
				TEST_HOST = "$(BUILT_PRODUCTS_DIR)/NotYourFathersCalculator.app/NotYourFathersCalculator";
			};
			name = Release;
		};
		DC0D64511CCC16E400864361 /* Debug */ = {
			isa = XCBuildConfiguration;
			buildSettings = {
				INFOPLIST_FILE = NotYourFathersCalculatorUITests/Info.plist;
				LD_RUNPATH_SEARCH_PATHS = "$(inherited) @executable_path/Frameworks @loader_path/Frameworks";
				PRODUCT_BUNDLE_IDENTIFIER = com.adam.NotYourFathersCalculatorUITests;
				PRODUCT_NAME = "$(TARGET_NAME)";
				TEST_TARGET_NAME = NotYourFathersCalculator;
				USES_XCTRUNNER = YES;
			};
			name = Debug;
		};
		DC0D64521CCC16E400864361 /* Release */ = {
			isa = XCBuildConfiguration;
			buildSettings = {
				INFOPLIST_FILE = NotYourFathersCalculatorUITests/Info.plist;
				LD_RUNPATH_SEARCH_PATHS = "$(inherited) @executable_path/Frameworks @loader_path/Frameworks";
				PRODUCT_BUNDLE_IDENTIFIER = com.adam.NotYourFathersCalculatorUITests;
				PRODUCT_NAME = "$(TARGET_NAME)";
				TEST_TARGET_NAME = NotYourFathersCalculator;
				USES_XCTRUNNER = YES;
			};
			name = Release;
		};
/* End XCBuildConfiguration section */

/* Begin XCConfigurationList section */
		DC0D641D1CCC16E400864361 /* Build configuration list for PBXProject "NotYourFathersCalculator" */ = {
			isa = XCConfigurationList;
			buildConfigurations = (
				DC0D64481CCC16E400864361 /* Debug */,
				DC0D64491CCC16E400864361 /* Release */,
			);
			defaultConfigurationIsVisible = 0;
			defaultConfigurationName = Release;
		};
		DC0D644A1CCC16E400864361 /* Build configuration list for PBXNativeTarget "NotYourFathersCalculator" */ = {
			isa = XCConfigurationList;
			buildConfigurations = (
				DC0D644B1CCC16E400864361 /* Debug */,
				DC0D644C1CCC16E400864361 /* Release */,
			);
			defaultConfigurationIsVisible = 0;
			defaultConfigurationName = Release;
		};
		DC0D644D1CCC16E400864361 /* Build configuration list for PBXNativeTarget "NotYourFathersCalculatorTests" */ = {
			isa = XCConfigurationList;
			buildConfigurations = (
				DC0D644E1CCC16E400864361 /* Debug */,
				DC0D644F1CCC16E400864361 /* Release */,
			);
			defaultConfigurationIsVisible = 0;
			defaultConfigurationName = Release;
		};
		DC0D64501CCC16E400864361 /* Build configuration list for PBXNativeTarget "NotYourFathersCalculatorUITests" */ = {
			isa = XCConfigurationList;
			buildConfigurations = (
				DC0D64511CCC16E400864361 /* Debug */,
				DC0D64521CCC16E400864361 /* Release */,
			);
			defaultConfigurationIsVisible = 0;
			defaultConfigurationName = Release;
		};
/* End XCConfigurationList section */
	};
	rootObject = DC0D641A1CCC16E400864361 /* Project object */;
}
